
Microsoft Visual Studio Solution File, Format Version 12.00
# Visual Studio Version 17
VisualStudioVersion = 17.0.32112.339
MinimumVisualStudioVersion = 10.0.40219.1
Project("{FAE04EC0-301F-11D3-BF4B-00C04F79EFBC}") = "CS461FInalProject", "CS461FInalProject\CS461FInalProject.csproj", "{FB2E0FF3-E5A7-4CB0-BD95-F9271BA0850C}"
EndProject
Global
	GlobalSection(SolutionConfigurationPlatforms) = preSolution
		Debug|Any CPU = Debug|Any CPU
		Release|Any CPU = Release|Any CPU
	EndGlobalSection
	GlobalSection(ProjectConfigurationPlatforms) = postSolution
		{FB2E0FF3-E5A7-4CB0-BD95-F9271BA0850C}.Debug|Any CPU.ActiveCfg = Debug|Any CPU
		{FB2E0FF3-E5A7-4CB0-BD95-F9271BA0850C}.Debug|Any CPU.Build.0 = Debug|Any CPU
		{FB2E0FF3-E5A7-4CB0-BD95-F9271BA0850C}.Release|Any CPU.ActiveCfg = Release|Any CPU
		{FB2E0FF3-E5A7-4CB0-BD95-F9271BA0850C}.Release|Any CPU.Build.0 = Release|Any CPU
	EndGlobalSection
	GlobalSection(SolutionProperties) = preSolution
		HideSolutionNode = FALSE
	EndGlobalSection
	GlobalSection(ExtensibilityGlobals) = postSolution
		SolutionGuid = {B340176B-C13E-49CD-AC3B-9DA00F580580}
	EndGlobalSection
EndGlobal
